
Microsoft Visual Studio Solution File, Format Version 12.00
# Visual Studio Version 17
VisualStudioVersion = 17.6.33723.286
MinimumVisualStudioVersion = 10.0.40219.1
Project("{9A19103F-16F7-4668-BE54-9A1E7A4F7556}") = "ArePositionsConnected", "ArePositionsConnected\ArePositionsConnected.csproj", "{2B564293-B47F-4DE6-AE78-262A3B692454}"
EndProject
Project("{FAE04EC0-301F-11D3-BF4B-00C04F79EFBC}") = "ArePositionsConnectedTest", "ArePositionsConnectedTest\ArePositionsConnectedTest.csproj", "{1E69519F-2510-443B-98BA-850EEC833E04}"
EndProject
Global
	GlobalSection(SolutionConfigurationPlatforms) = preSolution
		Debug|Any CPU = Debug|Any CPU
		Release|Any CPU = Release|Any CPU
	EndGlobalSection
	GlobalSection(ProjectConfigurationPlatforms) = postSolution
		{2B564293-B47F-4DE6-AE78-262A3B692454}.Debug|Any CPU.ActiveCfg = Debug|Any CPU
		{2B564293-B47F-4DE6-AE78-262A3B692454}.Debug|Any CPU.Build.0 = Debug|Any CPU
		{2B564293-B47F-4DE6-AE78-262A3B692454}.Release|Any CPU.ActiveCfg = Release|Any CPU
		{2B564293-B47F-4DE6-AE78-262A3B692454}.Release|Any CPU.Build.0 = Release|Any CPU
		{1E69519F-2510-443B-98BA-850EEC833E04}.Debug|Any CPU.ActiveCfg = Debug|Any CPU
		{1E69519F-2510-443B-98BA-850EEC833E04}.Debug|Any CPU.Build.0 = Debug|Any CPU
		{1E69519F-2510-443B-98BA-850EEC833E04}.Release|Any CPU.ActiveCfg = Release|Any CPU
		{1E69519F-2510-443B-98BA-850EEC833E04}.Release|Any CPU.Build.0 = Release|Any CPU
	EndGlobalSection
	GlobalSection(SolutionProperties) = preSolution
		HideSolutionNode = FALSE
	EndGlobalSection
	GlobalSection(ExtensibilityGlobals) = postSolution
		SolutionGuid = {1BB2B970-E47A-4793-B2A5-5B12D750055A}
	EndGlobalSection
EndGlobal
